// !$*UTF8*$!
{
	archiveVersion = 1;
	classes = {
	};
	objectVersion = 55;
	objects = {

/* Begin PBXBuildFile section */
		4B1251D928C58494008D05F1 /* Realm in Frameworks */ = {isa = PBXBuildFile; productRef = 4B1251D828C58493008D05F1 /* Realm */; };
		4B1251DB28C58494008D05F1 /* RealmSwift in Frameworks */ = {isa = PBXBuildFile; productRef = 4B1251DA28C58494008D05F1 /* RealmSwift */; };
		4BC2C95728C5E88D00AEEFF0 /* CategoryViewController.swift in Sources */ = {isa = PBXBuildFile; fileRef = 4BC2C95628C5E88D00AEEFF0 /* CategoryViewController.swift */; };
		4BEBD16A28BF87B80064CE16 /* AppDelegate.swift in Sources */ = {isa = PBXBuildFile; fileRef = 4BEBD16928BF87B80064CE16 /* AppDelegate.swift */; };
		4BEBD16C28BF87B80064CE16 /* SceneDelegate.swift in Sources */ = {isa = PBXBuildFile; fileRef = 4BEBD16B28BF87B80064CE16 /* SceneDelegate.swift */; };
		4BEBD17128BF87B80064CE16 /* Main.storyboard in Resources */ = {isa = PBXBuildFile; fileRef = 4BEBD16F28BF87B80064CE16 /* Main.storyboard */; };
		4BEBD17328BF87B90064CE16 /* Assets.xcassets in Resources */ = {isa = PBXBuildFile; fileRef = 4BEBD17228BF87B90064CE16 /* Assets.xcassets */; };
		4BEBD17628BF87B90064CE16 /* LaunchScreen.storyboard in Resources */ = {isa = PBXBuildFile; fileRef = 4BEBD17428BF87B90064CE16 /* LaunchScreen.storyboard */; };
		4BEBD18128BF88BE0064CE16 /* ItemViewController.swift in Sources */ = {isa = PBXBuildFile; fileRef = 4BEBD18028BF88BE0064CE16 /* ItemViewController.swift */; };
		4BEBD18528BF88F20064CE16 /* Category.swift in Sources */ = {isa = PBXBuildFile; fileRef = 4BEBD18428BF88F20064CE16 /* Category.swift */; };
		4BEBD18728BF88FF0064CE16 /* Item.swift in Sources */ = {isa = PBXBuildFile; fileRef = 4BEBD18628BF88FF0064CE16 /* Item.swift */; };
/* End PBXBuildFile section */

/* Begin PBXFileReference section */
		4BC2C95628C5E88D00AEEFF0 /* CategoryViewController.swift */ = {isa = PBXFileReference; lastKnownFileType = sourcecode.swift; path = CategoryViewController.swift; sourceTree = "<group>"; };
		4BEBD16628BF87B80064CE16 /* Todoey.app */ = {isa = PBXFileReference; explicitFileType = wrapper.application; includeInIndex = 0; path = Todoey.app; sourceTree = BUILT_PRODUCTS_DIR; };
		4BEBD16928BF87B80064CE16 /* AppDelegate.swift */ = {isa = PBXFileReference; lastKnownFileType = sourcecode.swift; path = AppDelegate.swift; sourceTree = "<group>"; };
		4BEBD16B28BF87B80064CE16 /* SceneDelegate.swift */ = {isa = PBXFileReference; lastKnownFileType = sourcecode.swift; path = SceneDelegate.swift; sourceTree = "<group>"; };
		4BEBD17028BF87B80064CE16 /* Base */ = {isa = PBXFileReference; lastKnownFileType = file.storyboard; name = Base; path = Base.lproj/Main.storyboard; sourceTree = "<group>"; };
		4BEBD17228BF87B90064CE16 /* Assets.xcassets */ = {isa = PBXFileReference; lastKnownFileType = folder.assetcatalog; path = Assets.xcassets; sourceTree = "<group>"; };
		4BEBD17528BF87B90064CE16 /* Base */ = {isa = PBXFileReference; lastKnownFileType = file.storyboard; name = Base; path = Base.lproj/LaunchScreen.storyboard; sourceTree = "<group>"; };
		4BEBD17728BF87B90064CE16 /* Info.plist */ = {isa = PBXFileReference; lastKnownFileType = text.plist.xml; path = Info.plist; sourceTree = "<group>"; };
		4BEBD18028BF88BE0064CE16 /* ItemViewController.swift */ = {isa = PBXFileReference; lastKnownFileType = sourcecode.swift; path = ItemViewController.swift; sourceTree = "<group>"; };
		4BEBD18428BF88F20064CE16 /* Category.swift */ = {isa = PBXFileReference; lastKnownFileType = sourcecode.swift; path = Category.swift; sourceTree = "<group>"; };
		4BEBD18628BF88FF0064CE16 /* Item.swift */ = {isa = PBXFileReference; lastKnownFileType = sourcecode.swift; path = Item.swift; sourceTree = "<group>"; };
/* End PBXFileReference section */

/* Begin PBXFrameworksBuildPhase section */
		4BEBD16328BF87B80064CE16 /* Frameworks */ = {
			isa = PBXFrameworksBuildPhase;
			buildActionMask = 2147483647;
			files = (
				4B1251DB28C58494008D05F1 /* RealmSwift in Frameworks */,
				4B1251D928C58494008D05F1 /* Realm in Frameworks */,
			);
			runOnlyForDeploymentPostprocessing = 0;
		};
/* End PBXFrameworksBuildPhase section */

/* Begin PBXGroup section */
		4BEBD15D28BF87B70064CE16 = {
			isa = PBXGroup;
			children = (
				4BEBD16828BF87B80064CE16 /* Todoey */,
				4BEBD16728BF87B80064CE16 /* Products */,
			);
			sourceTree = "<group>";
		};
		4BEBD16728BF87B80064CE16 /* Products */ = {
			isa = PBXGroup;
			children = (
				4BEBD16628BF87B80064CE16 /* Todoey.app */,
			);
			name = Products;
			sourceTree = "<group>";
		};
		4BEBD16828BF87B80064CE16 /* Todoey */ = {
			isa = PBXGroup;
			children = (
				4BEBD17F28BF888E0064CE16 /* Model */,
				4BEBD17E28BF88810064CE16 /* Controller */,
				4BEBD17D28BF88770064CE16 /* View */,
				4BEBD16928BF87B80064CE16 /* AppDelegate.swift */,
				4BEBD16B28BF87B80064CE16 /* SceneDelegate.swift */,
				4BEBD17228BF87B90064CE16 /* Assets.xcassets */,
				4BEBD17428BF87B90064CE16 /* LaunchScreen.storyboard */,
				4BEBD17728BF87B90064CE16 /* Info.plist */,
			);
			path = Todoey;
			sourceTree = "<group>";
		};
		4BEBD17D28BF88770064CE16 /* View */ = {
			isa = PBXGroup;
			children = (
				4BEBD16F28BF87B80064CE16 /* Main.storyboard */,
			);
			path = View;
			sourceTree = "<group>";
		};
		4BEBD17E28BF88810064CE16 /* Controller */ = {
			isa = PBXGroup;
			children = (
				4BEBD18028BF88BE0064CE16 /* ItemViewController.swift */,
				4BC2C95628C5E88D00AEEFF0 /* CategoryViewController.swift */,
			);
			path = Controller;
			sourceTree = "<group>";
		};
		4BEBD17F28BF888E0064CE16 /* Model */ = {
			isa = PBXGroup;
			children = (
				4BEBD18428BF88F20064CE16 /* Category.swift */,
				4BEBD18628BF88FF0064CE16 /* Item.swift */,
			);
			path = Model;
			sourceTree = "<group>";
		};
/* End PBXGroup section */

/* Begin PBXNativeTarget section */
		4BEBD16528BF87B80064CE16 /* Todoey */ = {
			isa = PBXNativeTarget;
			buildConfigurationList = 4BEBD17A28BF87B90064CE16 /* Build configuration list for PBXNativeTarget "Todoey" */;
			buildPhases = (
				4BEBD16228BF87B80064CE16 /* Sources */,
				4BEBD16328BF87B80064CE16 /* Frameworks */,
				4BEBD16428BF87B80064CE16 /* Resources */,
			);
			buildRules = (
			);
			dependencies = (
			);
			name = Todoey;
			packageProductDependencies = (
				4B1251D828C58493008D05F1 /* Realm */,
				4B1251DA28C58494008D05F1 /* RealmSwift */,
			);
			productName = Todoey;
			productReference = 4BEBD16628BF87B80064CE16 /* Todoey.app */;
			productType = "com.apple.product-type.application";
		};
/* End PBXNativeTarget section */

/* Begin PBXProject section */
		4BEBD15E28BF87B70064CE16 /* Project object */ = {
			isa = PBXProject;
			attributes = {
				BuildIndependentTargetsInParallel = 1;
				LastSwiftUpdateCheck = 1340;
				LastUpgradeCheck = 1340;
				TargetAttributes = {
					4BEBD16528BF87B80064CE16 = {
						CreatedOnToolsVersion = 13.4.1;
					};
				};
			};
			buildConfigurationList = 4BEBD16128BF87B70064CE16 /* Build configuration list for PBXProject "Todoey" */;
			compatibilityVersion = "Xcode 13.0";
			developmentRegion = en;
			hasScannedForEncodings = 0;
			knownRegions = (
				en,
				Base,
			);
			mainGroup = 4BEBD15D28BF87B70064CE16;
			packageReferences = (
				4B1251D728C58493008D05F1 /* XCRemoteSwiftPackageReference "realm-swift" */,
			);
			productRefGroup = 4BEBD16728BF87B80064CE16 /* Products */;
			projectDirPath = "";
			projectRoot = "";
			targets = (
				4BEBD16528BF87B80064CE16 /* Todoey */,
			);
		};
/* End PBXProject section */

/* Begin PBXResourcesBuildPhase section */
		4BEBD16428BF87B80064CE16 /* Resources */ = {
			isa = PBXResourcesBuildPhase;
			buildActionMask = 2147483647;
			files = (
				4BEBD17628BF87B90064CE16 /* LaunchScreen.storyboard in Resources */,
				4BEBD17328BF87B90064CE16 /* Assets.xcassets in Resources */,
				4BEBD17128BF87B80064CE16 /* Main.storyboard in Resources */,
			);
			runOnlyForDeploymentPostprocessing = 0;
		};
/* End PBXResourcesBuildPhase section */

/* Begin PBXSourcesBuildPhase section */
		4BEBD16228BF87B80064CE16 /* Sources */ = {
			isa = PBXSourcesBuildPhase;
			buildActionMask = 2147483647;
			files = (
				4BEBD18528BF88F20064CE16 /* Category.swift in Sources */,
				4BEBD18128BF88BE0064CE16 /* ItemViewController.swift in Sources */,
				4BEBD16A28BF87B80064CE16 /* AppDelegate.swift in Sources */,
				4BEBD18728BF88FF0064CE16 /* Item.swift in Sources */,
				4BC2C95728C5E88D00AEEFF0 /* CategoryViewController.swift in Sources */,
				4BEBD16C28BF87B80064CE16 /* SceneDelegate.swift in Sources */,
			);
			runOnlyForDeploymentPostprocessing = 0;
		};
/* End PBXSourcesBuildPhase section */

/* Begin PBXVariantGroup section */
		4BEBD16F28BF87B80064CE16 /* Main.storyboard */ = {
			isa = PBXVariantGroup;
			children = (
				4BEBD17028BF87B80064CE16 /* Base */,
			);
			name = Main.storyboard;
			sourceTree = "<group>";
		};
		4BEBD17428BF87B90064CE16 /* LaunchScreen.storyboard */ = {
			isa = PBXVariantGroup;
			children = (
				4BEBD17528BF87B90064CE16 /* Base */,
			);
			name = LaunchScreen.storyboard;
			sourceTree = "<group>";
		};
/* End PBXVariantGroup section */

/* Begin XCBuildConfiguration section */
		4BEBD17828BF87B90064CE16 /* Debug */ = {
			isa = XCBuildConfiguration;
			buildSettings = {
				ALWAYS_SEARCH_USER_PATHS = NO;
				CLANG_ANALYZER_NONNULL = YES;
				CLANG_ANALYZER_NUMBER_OBJECT_CONVERSION = YES_AGGRESSIVE;
				CLANG_CXX_LANGUAGE_STANDARD = "gnu++17";
				CLANG_ENABLE_MODULES = YES;
				CLANG_ENABLE_OBJC_ARC = YES;
				CLANG_ENABLE_OBJC_WEAK = YES;
				CLANG_WARN_BLOCK_CAPTURE_AUTORELEASING = YES;
				CLANG_WARN_BOOL_CONVERSION = YES;
				CLANG_WARN_COMMA = YES;
				CLANG_WARN_CONSTANT_CONVERSION = YES;
				CLANG_WARN_DEPRECATED_OBJC_IMPLEMENTATIONS = YES;
				CLANG_WARN_DIRECT_OBJC_ISA_USAGE = YES_ERROR;
				CLANG_WARN_DOCUMENTATION_COMMENTS = YES;
				CLANG_WARN_EMPTY_BODY = YES;
				CLANG_WARN_ENUM_CONVERSION = YES;
				CLANG_WARN_INFINITE_RECURSION = YES;
				CLANG_WARN_INT_CONVERSION = YES;
				CLANG_WARN_NON_LITERAL_NULL_CONVERSION = YES;
				CLANG_WARN_OBJC_IMPLICIT_RETAIN_SELF = YES;
				CLANG_WARN_OBJC_LITERAL_CONVERSION = YES;
				CLANG_WARN_OBJC_ROOT_CLASS = YES_ERROR;
				CLANG_WARN_QUOTED_INCLUDE_IN_FRAMEWORK_HEADER = YES;
				CLANG_WARN_RANGE_LOOP_ANALYSIS = YES;
				CLANG_WARN_STRICT_PROTOTYPES = YES;
				CLANG_WARN_SUSPICIOUS_MOVE = YES;
				CLANG_WARN_UNGUARDED_AVAILABILITY = YES_AGGRESSIVE;
				CLANG_WARN_UNREACHABLE_CODE = YES;
				CLANG_WARN__DUPLICATE_METHOD_MATCH = YES;
				COPY_PHASE_STRIP = NO;
				DEBUG_INFORMATION_FORMAT = dwarf;
				ENABLE_STRICT_OBJC_MSGSEND = YES;
				ENABLE_TESTABILITY = YES;
				GCC_C_LANGUAGE_STANDARD = gnu11;
				GCC_DYNAMIC_NO_PIC = NO;
				GCC_NO_COMMON_BLOCKS = YES;
				GCC_OPTIMIZATION_LEVEL = 0;
				GCC_PREPROCESSOR_DEFINITIONS = (
					"DEBUG=1",
					"$(inherited)",
				);
				GCC_WARN_64_TO_32_BIT_CONVERSION = YES;
				GCC_WARN_ABOUT_RETURN_TYPE = YES_ERROR;
				GCC_WARN_UNDECLARED_SELECTOR = YES;
				GCC_WARN_UNINITIALIZED_AUTOS = YES_AGGRESSIVE;
				GCC_WARN_UNUSED_FUNCTION = YES;
				GCC_WARN_UNUSED_VARIABLE = YES;
				IPHONEOS_DEPLOYMENT_TARGET = 15.5;
				MTL_ENABLE_DEBUG_INFO = INCLUDE_SOURCE;
				MTL_FAST_MATH = YES;
				ONLY_ACTIVE_ARCH = YES;
				SDKROOT = iphoneos;
				SWIFT_ACTIVE_COMPILATION_CONDITIONS = DEBUG;
				SWIFT_OPTIMIZATION_LEVEL = "-Onone";
			};
			name = Debug;
		};
		4BEBD17928BF87B90064CE16 /* Release */ = {
			isa = XCBuildConfiguration;
			buildSettings = {
				ALWAYS_SEARCH_USER_PATHS = NO;
				CLANG_ANALYZER_NONNULL = YES;
				CLANG_ANALYZER_NUMBER_OBJECT_CONVERSION = YES_AGGRESSIVE;
				CLANG_CXX_LANGUAGE_STANDARD = "gnu++17";
				CLANG_ENABLE_MODULES = YES;
				CLANG_ENABLE_OBJC_ARC = YES;
				CLANG_ENABLE_OBJC_WEAK = YES;
				CLANG_WARN_BLOCK_CAPTURE_AUTORELEASING = YES;
				CLANG_WARN_BOOL_CONVERSION = YES;
				CLANG_WARN_COMMA = YES;
				CLANG_WARN_CONSTANT_CONVERSION = YES;
				CLANG_WARN_DEPRECATED_OBJC_IMPLEMENTATIONS = YES;
				CLANG_WARN_DIRECT_OBJC_ISA_USAGE = YES_ERROR;
				CLANG_WARN_DOCUMENTATION_COMMENTS = YES;
				CLANG_WARN_EMPTY_BODY = YES;
				CLANG_WARN_ENUM_CONVERSION = YES;
				CLANG_WARN_INFINITE_RECURSION = YES;
				CLANG_WARN_INT_CONVERSION = YES;
				CLANG_WARN_NON_LITERAL_NULL_CONVERSION = YES;
				CLANG_WARN_OBJC_IMPLICIT_RETAIN_SELF = YES;
				CLANG_WARN_OBJC_LITERAL_CONVERSION = YES;
				CLANG_WARN_OBJC_ROOT_CLASS = YES_ERROR;
				CLANG_WARN_QUOTED_INCLUDE_IN_FRAMEWORK_HEADER = YES;
				CLANG_WARN_RANGE_LOOP_ANALYSIS = YES;
				CLANG_WARN_STRICT_PROTOTYPES = YES;
				CLANG_WARN_SUSPICIOUS_MOVE = YES;
				CLANG_WARN_UNGUARDED_AVAILABILITY = YES_AGGRESSIVE;
				CLANG_WARN_UNREACHABLE_CODE = YES;
				CLANG_WARN__DUPLICATE_METHOD_MATCH = YES;
				COPY_PHASE_STRIP = NO;
				DEBUG_INFORMATION_FORMAT = "dwarf-with-dsym";
				ENABLE_NS_ASSERTIONS = NO;
				ENABLE_STRICT_OBJC_MSGSEND = YES;
				GCC_C_LANGUAGE_STANDARD = gnu11;
				GCC_NO_COMMON_BLOCKS = YES;
				GCC_WARN_64_TO_32_BIT_CONVERSION = YES;
				GCC_WARN_ABOUT_RETURN_TYPE = YES_ERROR;
				GCC_WARN_UNDECLARED_SELECTOR = YES;
				GCC_WARN_UNINITIALIZED_AUTOS = YES_AGGRESSIVE;
				GCC_WARN_UNUSED_FUNCTION = YES;
				GCC_WARN_UNUSED_VARIABLE = YES;
				IPHONEOS_DEPLOYMENT_TARGET = 15.5;
				MTL_ENABLE_DEBUG_INFO = NO;
				MTL_FAST_MATH = YES;
				SDKROOT = iphoneos;
				SWIFT_COMPILATION_MODE = wholemodule;
				SWIFT_OPTIMIZATION_LEVEL = "-O";
				VALIDATE_PRODUCT = YES;
			};
			name = Release;
		};
		4BEBD17B28BF87B90064CE16 /* Debug */ = {
			isa = XCBuildConfiguration;
			buildSettings = {
				ASSETCATALOG_COMPILER_APPICON_NAME = AppIcon;
				ASSETCATALOG_COMPILER_GLOBAL_ACCENT_COLOR_NAME = AccentColor;
				CODE_SIGN_STYLE = Automatic;
				CURRENT_PROJECT_VERSION = 1;
				GENERATE_INFOPLIST_FILE = YES;
				INFOPLIST_FILE = Todoey/Info.plist;
				INFOPLIST_KEY_UIApplicationSupportsIndirectInputEvents = YES;
				INFOPLIST_KEY_UILaunchStoryboardName = LaunchScreen;
				INFOPLIST_KEY_UIMainStoryboardFile = Main;
				INFOPLIST_KEY_UISupportedInterfaceOrientations_iPad = "UIInterfaceOrientationPortrait UIInterfaceOrientationPortraitUpsideDown UIInterfaceOrientationLandscapeLeft UIInterfaceOrientationLandscapeRight";
				INFOPLIST_KEY_UISupportedInterfaceOrientations_iPhone = "UIInterfaceOrientationPortrait UIInterfaceOrientationLandscapeLeft UIInterfaceOrientationLandscapeRight";
				LD_RUNPATH_SEARCH_PATHS = (
					"$(inherited)",
					"@executable_path/Frameworks",
				);
				MARKETING_VERSION = 1.0;
				PRODUCT_BUNDLE_IDENTIFIER = com.dinkmsd.Todoey;
				PRODUCT_NAME = "$(TARGET_NAME)";
				SWIFT_EMIT_LOC_STRINGS = YES;
				SWIFT_VERSION = 5.0;
				TARGETED_DEVICE_FAMILY = "1,2";
			};
			name = Debug;
		};
		4BEBD17C28BF87B90064CE16 /* Release */ = {
			isa = XCBuildConfiguration;
			buildSettings = {
				ASSETCATALOG_COMPILER_APPICON_NAME = AppIcon;
				ASSETCATALOG_COMPILER_GLOBAL_ACCENT_COLOR_NAME = AccentColor;
				CODE_SIGN_STYLE = Automatic;
				CURRENT_PROJECT_VERSION = 1;
				GENERATE_INFOPLIST_FILE = YES;
				INFOPLIST_FILE = Todoey/Info.plist;
				INFOPLIST_KEY_UIApplicationSupportsIndirectInputEvents = YES;
				INFOPLIST_KEY_UILaunchStoryboardName = LaunchScreen;
				INFOPLIST_KEY_UIMainStoryboardFile = Main;
				INFOPLIST_KEY_UISupportedInterfaceOrientations_iPad = "UIInterfaceOrientationPortrait UIInterfaceOrientationPortraitUpsideDown UIInterfaceOrientationLandscapeLeft UIInterfaceOrientationLandscapeRight";
				INFOPLIST_KEY_UISupportedInterfaceOrientations_iPhone = "UIInterfaceOrientationPortrait UIInterfaceOrientationLandscapeLeft UIInterfaceOrientationLandscapeRight";
				LD_RUNPATH_SEARCH_PATHS = (
					"$(inherited)",
					"@executable_path/Frameworks",
				);
				MARKETING_VERSION = 1.0;
				PRODUCT_BUNDLE_IDENTIFIER = com.dinkmsd.Todoey;
				PRODUCT_NAME = "$(TARGET_NAME)";
				SWIFT_EMIT_LOC_STRINGS = YES;
				SWIFT_VERSION = 5.0;
				TARGETED_DEVICE_FAMILY = "1,2";
			};
			name = Release;
		};
/* End XCBuildConfiguration section */

/* Begin XCConfigurationList section */
		4BEBD16128BF87B70064CE16 /* Build configuration list for PBXProject "Todoey" */ = {
			isa = XCConfigurationList;
			buildConfigurations = (
				4BEBD17828BF87B90064CE16 /* Debug */,
				4BEBD17928BF87B90064CE16 /* Release */,
			);
			defaultConfigurationIsVisible = 0;
			defaultConfigurationName = Release;
		};
		4BEBD17A28BF87B90064CE16 /* Build configuration list for PBXNativeTarget "Todoey" */ = {
			isa = XCConfigurationList;
			buildConfigurations = (
				4BEBD17B28BF87B90064CE16 /* Debug */,
				4BEBD17C28BF87B90064CE16 /* Release */,
			);
			defaultConfigurationIsVisible = 0;
			defaultConfigurationName = Release;
		};
/* End XCConfigurationList section */

/* Begin XCRemoteSwiftPackageReference section */
		4B1251D728C58493008D05F1 /* XCRemoteSwiftPackageReference "realm-swift" */ = {
			isa = XCRemoteSwiftPackageReference;
			repositoryURL = "https://github.com/realm/realm-swift.git";
			requirement = {
				kind = upToNextMajorVersion;
				minimumVersion = 10.28.7;
			};
		};
/* End XCRemoteSwiftPackageReference section */

/* Begin XCSwiftPackageProductDependency section */
		4B1251D828C58493008D05F1 /* Realm */ = {
			isa = XCSwiftPackageProductDependency;
			package = 4B1251D728C58493008D05F1 /* XCRemoteSwiftPackageReference "realm-swift" */;
			productName = Realm;
		};
		4B1251DA28C58494008D05F1 /* RealmSwift */ = {
			isa = XCSwiftPackageProductDependency;
			package = 4B1251D728C58493008D05F1 /* XCRemoteSwiftPackageReference "realm-swift" */;
			productName = RealmSwift;
		};
/* End XCSwiftPackageProductDependency section */
	};
	rootObject = 4BEBD15E28BF87B70064CE16 /* Project object */;
}
